
Microsoft Visual Studio Solution File, Format Version 12.00
# Visual Studio Version 16
VisualStudioVersion = 16.0.808.3
MinimumVisualStudioVersion = 10.0.40219.1
Project("{FAE04EC0-301F-11D3-BF4B-00C04F79EFBC}") = "functionapp2", "functionapp2.csproj", "{564F8F99-1AD4-4471-894F-98B6571D482A}"
EndProject
Global
	GlobalSection(SolutionConfigurationPlatforms) = preSolution
		Debug|Any CPU = Debug|Any CPU
		Release|Any CPU = Release|Any CPU
	EndGlobalSection
	GlobalSection(ProjectConfigurationPlatforms) = postSolution
		{564F8F99-1AD4-4471-894F-98B6571D482A}.Debug|Any CPU.ActiveCfg = Debug|Any CPU
		{564F8F99-1AD4-4471-894F-98B6571D482A}.Debug|Any CPU.Build.0 = Debug|Any CPU
		{564F8F99-1AD4-4471-894F-98B6571D482A}.Release|Any CPU.ActiveCfg = Release|Any CPU
		{564F8F99-1AD4-4471-894F-98B6571D482A}.Release|Any CPU.Build.0 = Release|Any CPU
	EndGlobalSection
	GlobalSection(SolutionProperties) = preSolution
		HideSolutionNode = FALSE
	EndGlobalSection
	GlobalSection(ExtensibilityGlobals) = postSolution
		SolutionGuid = {37903DA2-E2A4-463E-BFC4-FAEBCB32E3E3}
	EndGlobalSection
EndGlobal
